// !$*UTF8*$!
{
	archiveVersion = 1;
	classes = {
	};
	objectVersion = 50;
	objects = {

/* Begin PBXBuildFile section */
		412742DE22B872A800A9C39E /* AppDelegate.swift in Sources */ = {isa = PBXBuildFile; fileRef = 412742DD22B872A800A9C39E /* AppDelegate.swift */; };
		412742E222B872A800A9C39E /* ContentView.swift in Sources */ = {isa = PBXBuildFile; fileRef = 412742E122B872A800A9C39E /* ContentView.swift */; };
		412742E422B872AA00A9C39E /* Assets.xcassets in Resources */ = {isa = PBXBuildFile; fileRef = 412742E322B872AA00A9C39E /* Assets.xcassets */; };
		412742E722B872AA00A9C39E /* Preview Assets.xcassets in Resources */ = {isa = PBXBuildFile; fileRef = 412742E622B872AA00A9C39E /* Preview Assets.xcassets */; };
		412742EA22B872AA00A9C39E /* LaunchScreen.storyboard in Resources */ = {isa = PBXBuildFile; fileRef = 412742E822B872AA00A9C39E /* LaunchScreen.storyboard */; };
		412742F222B8778400A9C39E /* Speech.swift in Sources */ = {isa = PBXBuildFile; fileRef = 412742F122B8778400A9C39E /* Speech.swift */; };
/* End PBXBuildFile section */

/* Begin PBXFileReference section */
		412742DA22B872A800A9C39E /* SRDemo.app */ = {isa = PBXFileReference; explicitFileType = wrapper.application; includeInIndex = 0; path = SRDemo.app; sourceTree = BUILT_PRODUCTS_DIR; };
		412742DD22B872A800A9C39E /* AppDelegate.swift */ = {isa = PBXFileReference; lastKnownFileType = sourcecode.swift; path = AppDelegate.swift; sourceTree = "<group>"; };
		412742E122B872A800A9C39E /* ContentView.swift */ = {isa = PBXFileReference; lastKnownFileType = sourcecode.swift; path = ContentView.swift; sourceTree = "<group>"; };
		412742E322B872AA00A9C39E /* Assets.xcassets */ = {isa = PBXFileReference; lastKnownFileType = folder.assetcatalog; path = Assets.xcassets; sourceTree = "<group>"; };
		412742E622B872AA00A9C39E /* Preview Assets.xcassets */ = {isa = PBXFileReference; lastKnownFileType = folder.assetcatalog; path = "Preview Assets.xcassets"; sourceTree = "<group>"; };
		412742E922B872AA00A9C39E /* Base */ = {isa = PBXFileReference; lastKnownFileType = file.storyboard; name = Base; path = Base.lproj/LaunchScreen.storyboard; sourceTree = "<group>"; };
		412742EB22B872AA00A9C39E /* Info.plist */ = {isa = PBXFileReference; lastKnownFileType = text.plist.xml; path = Info.plist; sourceTree = "<group>"; };
		412742F122B8778400A9C39E /* Speech.swift */ = {isa = PBXFileReference; lastKnownFileType = sourcecode.swift; path = Speech.swift; sourceTree = "<group>"; };
/* End PBXFileReference section */

/* Begin PBXFrameworksBuildPhase section */
		412742D722B872A800A9C39E /* Frameworks */ = {
			isa = PBXFrameworksBuildPhase;
			buildActionMask = 2147483647;
			files = (
			);
			runOnlyForDeploymentPostprocessing = 0;
		};
/* End PBXFrameworksBuildPhase section */

/* Begin PBXGroup section */
		412742D122B872A800A9C39E = {
			isa = PBXGroup;
			children = (
				412742DC22B872A800A9C39E /* SRDemo */,
				412742DB22B872A800A9C39E /* Products */,
			);
			sourceTree = "<group>";
		};
		412742DB22B872A800A9C39E /* Products */ = {
			isa = PBXGroup;
			children = (
				412742DA22B872A800A9C39E /* SRDemo.app */,
			);
			name = Products;
			sourceTree = "<group>";
		};
		412742DC22B872A800A9C39E /* SRDemo */ = {
			isa = PBXGroup;
			children = (
				412742DD22B872A800A9C39E /* AppDelegate.swift */,
				412742E122B872A800A9C39E /* ContentView.swift */,
				412742F122B8778400A9C39E /* Speech.swift */,
				412742E322B872AA00A9C39E /* Assets.xcassets */,
				412742E822B872AA00A9C39E /* LaunchScreen.storyboard */,
				412742EB22B872AA00A9C39E /* Info.plist */,
				412742E522B872AA00A9C39E /* Preview Content */,
			);
			path = SRDemo;
			sourceTree = "<group>";
		};
		412742E522B872AA00A9C39E /* Preview Content */ = {
			isa = PBXGroup;
			children = (
				412742E622B872AA00A9C39E /* Preview Assets.xcassets */,
			);
			path = "Preview Content";
			sourceTree = "<group>";
		};
/* End PBXGroup section */

/* Begin PBXNativeTarget section */
		412742D922B872A800A9C39E /* SRDemo */ = {
			isa = PBXNativeTarget;
			buildConfigurationList = 412742EE22B872AA00A9C39E /* Build configuration list for PBXNativeTarget "SRDemo" */;
			buildPhases = (
				412742D622B872A800A9C39E /* Sources */,
				412742D722B872A800A9C39E /* Frameworks */,
				412742D822B872A800A9C39E /* Resources */,
			);
			buildRules = (
			);
			dependencies = (
			);
			name = SRDemo;
			productName = SRDemo;
			productReference = 412742DA22B872A800A9C39E /* SRDemo.app */;
			productType = "com.apple.product-type.application";
		};
/* End PBXNativeTarget section */

/* Begin PBXProject section */
		412742D222B872A800A9C39E /* Project object */ = {
			isa = PBXProject;
			attributes = {
				LastSwiftUpdateCheck = 1100;
				LastUpgradeCheck = 1100;
				ORGANIZATIONNAME = "Mars Geldard";
				TargetAttributes = {
					412742D922B872A800A9C39E = {
						CreatedOnToolsVersion = 11.0;
					};
				};
			};
			buildConfigurationList = 412742D522B872A800A9C39E /* Build configuration list for PBXProject "SRDemo" */;
			compatibilityVersion = "Xcode 9.3";
			developmentRegion = en;
			hasScannedForEncodings = 0;
			knownRegions = (
				en,
				Base,
			);
			mainGroup = 412742D122B872A800A9C39E;
			productRefGroup = 412742DB22B872A800A9C39E /* Products */;
			projectDirPath = "";
			projectRoot = "";
			targets = (
				412742D922B872A800A9C39E /* SRDemo */,
			);
		};
/* End PBXProject section */

/* Begin PBXResourcesBuildPhase section */
		412742D822B872A800A9C39E /* Resources */ = {
			isa = PBXResourcesBuildPhase;
			buildActionMask = 2147483647;
			files = (
				412742EA22B872AA00A9C39E /* LaunchScreen.storyboard in Resources */,
				412742E722B872AA00A9C39E /* Preview Assets.xcassets in Resources */,
				412742E422B872AA00A9C39E /* Assets.xcassets in Resources */,
			);
			runOnlyForDeploymentPostprocessing = 0;
		};
/* End PBXResourcesBuildPhase section */

/* Begin PBXSourcesBuildPhase section */
		412742D622B872A800A9C39E /* Sources */ = {
			isa = PBXSourcesBuildPhase;
			buildActionMask = 2147483647;
			files = (
				412742F222B8778400A9C39E /* Speech.swift in Sources */,
				412742DE22B872A800A9C39E /* AppDelegate.swift in Sources */,
				412742E222B872A800A9C39E /* ContentView.swift in Sources */,
			);
			runOnlyForDeploymentPostprocessing = 0;
		};
/* End PBXSourcesBuildPhase section */

/* Begin PBXVariantGroup section */
		412742E822B872AA00A9C39E /* LaunchScreen.storyboard */ = {
			isa = PBXVariantGroup;
			children = (
				412742E922B872AA00A9C39E /* Base */,
			);
			name = LaunchScreen.storyboard;
			sourceTree = "<group>";
		};
/* End PBXVariantGroup section */

/* Begin XCBuildConfiguration section */
		412742EC22B872AA00A9C39E /* Debug */ = {
			isa = XCBuildConfiguration;
			buildSettings = {
				ALWAYS_SEARCH_USER_PATHS = NO;
				CLANG_ANALYZER_NONNULL = YES;
				CLANG_ANALYZER_NUMBER_OBJECT_CONVERSION = YES_AGGRESSIVE;
				CLANG_CXX_LANGUAGE_STANDARD = "gnu++14";
				CLANG_CXX_LIBRARY = "libc++";
				CLANG_ENABLE_MODULES = YES;
				CLANG_ENABLE_OBJC_ARC = YES;
				CLANG_ENABLE_OBJC_WEAK = YES;
				CLANG_WARN_BLOCK_CAPTURE_AUTORELEASING = YES;
				CLANG_WARN_BOOL_CONVERSION = YES;
				CLANG_WARN_COMMA = YES;
				CLANG_WARN_CONSTANT_CONVERSION = YES;
				CLANG_WARN_DEPRECATED_OBJC_IMPLEMENTATIONS = YES;
				CLANG_WARN_DIRECT_OBJC_ISA_USAGE = YES_ERROR;
				CLANG_WARN_DOCUMENTATION_COMMENTS = YES;
				CLANG_WARN_EMPTY_BODY = YES;
				CLANG_WARN_ENUM_CONVERSION = YES;
				CLANG_WARN_INFINITE_RECURSION = YES;
				CLANG_WARN_INT_CONVERSION = YES;
				CLANG_WARN_NON_LITERAL_NULL_CONVERSION = YES;
				CLANG_WARN_OBJC_IMPLICIT_RETAIN_SELF = YES;
				CLANG_WARN_OBJC_LITERAL_CONVERSION = YES;
				CLANG_WARN_OBJC_ROOT_CLASS = YES_ERROR;
				CLANG_WARN_RANGE_LOOP_ANALYSIS = YES;
				CLANG_WARN_STRICT_PROTOTYPES = YES;
				CLANG_WARN_SUSPICIOUS_MOVE = YES;
				CLANG_WARN_UNGUARDED_AVAILABILITY = YES_AGGRESSIVE;
				CLANG_WARN_UNREACHABLE_CODE = YES;
				CLANG_WARN__DUPLICATE_METHOD_MATCH = YES;
				COPY_PHASE_STRIP = NO;
				DEBUG_INFORMATION_FORMAT = dwarf;
				ENABLE_STRICT_OBJC_MSGSEND = YES;
				ENABLE_TESTABILITY = YES;
				GCC_C_LANGUAGE_STANDARD = gnu11;
				GCC_DYNAMIC_NO_PIC = NO;
				GCC_NO_COMMON_BLOCKS = YES;
				GCC_OPTIMIZATION_LEVEL = 0;
				GCC_PREPROCESSOR_DEFINITIONS = (
					"DEBUG=1",
					"$(inherited)",
				);
				GCC_WARN_64_TO_32_BIT_CONVERSION = YES;
				GCC_WARN_ABOUT_RETURN_TYPE = YES_ERROR;
				GCC_WARN_UNDECLARED_SELECTOR = YES;
				GCC_WARN_UNINITIALIZED_AUTOS = YES_AGGRESSIVE;
				GCC_WARN_UNUSED_FUNCTION = YES;
				GCC_WARN_UNUSED_VARIABLE = YES;
				IPHONEOS_DEPLOYMENT_TARGET = 13.0;
				MTL_ENABLE_DEBUG_INFO = INCLUDE_SOURCE;
				MTL_FAST_MATH = YES;
				ONLY_ACTIVE_ARCH = YES;
				SDKROOT = iphoneos;
				SWIFT_ACTIVE_COMPILATION_CONDITIONS = DEBUG;
				SWIFT_OPTIMIZATION_LEVEL = "-Onone";
			};
			name = Debug;
		};
		412742ED22B872AA00A9C39E /* Release */ = {
			isa = XCBuildConfiguration;
			buildSettings = {
				ALWAYS_SEARCH_USER_PATHS = NO;
				CLANG_ANALYZER_NONNULL = YES;
				CLANG_ANALYZER_NUMBER_OBJECT_CONVERSION = YES_AGGRESSIVE;
				CLANG_CXX_LANGUAGE_STANDARD = "gnu++14";
				CLANG_CXX_LIBRARY = "libc++";
				CLANG_ENABLE_MODULES = YES;
				CLANG_ENABLE_OBJC_ARC = YES;
				CLANG_ENABLE_OBJC_WEAK = YES;
				CLANG_WARN_BLOCK_CAPTURE_AUTORELEASING = YES;
				CLANG_WARN_BOOL_CONVERSION = YES;
				CLANG_WARN_COMMA = YES;
				CLANG_WARN_CONSTANT_CONVERSION = YES;
				CLANG_WARN_DEPRECATED_OBJC_IMPLEMENTATIONS = YES;
				CLANG_WARN_DIRECT_OBJC_ISA_USAGE = YES_ERROR;
				CLANG_WARN_DOCUMENTATION_COMMENTS = YES;
				CLANG_WARN_EMPTY_BODY = YES;
				CLANG_WARN_ENUM_CONVERSION = YES;
				CLANG_WARN_INFINITE_RECURSION = YES;
				CLANG_WARN_INT_CONVERSION = YES;
				CLANG_WARN_NON_LITERAL_NULL_CONVERSION = YES;
				CLANG_WARN_OBJC_IMPLICIT_RETAIN_SELF = YES;
				CLANG_WARN_OBJC_LITERAL_CONVERSION = YES;
				CLANG_WARN_OBJC_ROOT_CLASS = YES_ERROR;
				CLANG_WARN_RANGE_LOOP_ANALYSIS = YES;
				CLANG_WARN_STRICT_PROTOTYPES = YES;
				CLANG_WARN_SUSPICIOUS_MOVE = YES;
				CLANG_WARN_UNGUARDED_AVAILABILITY = YES_AGGRESSIVE;
				CLANG_WARN_UNREACHABLE_CODE = YES;
				CLANG_WARN__DUPLICATE_METHOD_MATCH = YES;
				COPY_PHASE_STRIP = NO;
				DEBUG_INFORMATION_FORMAT = "dwarf-with-dsym";
				ENABLE_NS_ASSERTIONS = NO;
				ENABLE_STRICT_OBJC_MSGSEND = YES;
				GCC_C_LANGUAGE_STANDARD = gnu11;
				GCC_NO_COMMON_BLOCKS = YES;
				GCC_WARN_64_TO_32_BIT_CONVERSION = YES;
				GCC_WARN_ABOUT_RETURN_TYPE = YES_ERROR;
				GCC_WARN_UNDECLARED_SELECTOR = YES;
				GCC_WARN_UNINITIALIZED_AUTOS = YES_AGGRESSIVE;
				GCC_WARN_UNUSED_FUNCTION = YES;
				GCC_WARN_UNUSED_VARIABLE = YES;
				IPHONEOS_DEPLOYMENT_TARGET = 13.0;
				MTL_ENABLE_DEBUG_INFO = NO;
				MTL_FAST_MATH = YES;
				SDKROOT = iphoneos;
				SWIFT_COMPILATION_MODE = wholemodule;
				SWIFT_OPTIMIZATION_LEVEL = "-O";
				VALIDATE_PRODUCT = YES;
			};
			name = Release;
		};
		412742EF22B872AA00A9C39E /* Debug */ = {
			isa = XCBuildConfiguration;
			buildSettings = {
				ASSETCATALOG_COMPILER_APPICON_NAME = AppIcon;
				CODE_SIGN_STYLE = Automatic;
				DEVELOPMENT_ASSET_PATHS = "SRDemo/Preview\\ Content";
				DEVELOPMENT_TEAM = 5V2A4389PA;
				ENABLE_PREVIEWS = YES;
				INFOPLIST_FILE = SRDemo/Info.plist;
				LD_RUNPATH_SEARCH_PATHS = (
					"$(inherited)",
					"@executable_path/Frameworks",
				);
				PRODUCT_BUNDLE_IDENTIFIER = au.com.secretlab.SRDemo;
				PRODUCT_NAME = "$(TARGET_NAME)";
				SWIFT_VERSION = 5.0;
				TARGETED_DEVICE_FAMILY = 1;
			};
			name = Debug;
		};
		412742F022B872AA00A9C39E /* Release */ = {
			isa = XCBuildConfiguration;
			buildSettings = {
				ASSETCATALOG_COMPILER_APPICON_NAME = AppIcon;
				CODE_SIGN_STYLE = Automatic;
				DEVELOPMENT_ASSET_PATHS = "SRDemo/Preview\\ Content";
				DEVELOPMENT_TEAM = 5V2A4389PA;
				ENABLE_PREVIEWS = YES;
				INFOPLIST_FILE = SRDemo/Info.plist;
				LD_RUNPATH_SEARCH_PATHS = (
					"$(inherited)",
					"@executable_path/Frameworks",
				);
				PRODUCT_BUNDLE_IDENTIFIER = au.com.secretlab.SRDemo;
				PRODUCT_NAME = "$(TARGET_NAME)";
				SWIFT_VERSION = 5.0;
				TARGETED_DEVICE_FAMILY = 1;
			};
			name = Release;
		};
/* End XCBuildConfiguration section */

/* Begin XCConfigurationList section */
		412742D522B872A800A9C39E /* Build configuration list for PBXProject "SRDemo" */ = {
			isa = XCConfigurationList;
			buildConfigurations = (
				412742EC22B872AA00A9C39E /* Debug */,
				412742ED22B872AA00A9C39E /* Release */,
			);
			defaultConfigurationIsVisible = 0;
			defaultConfigurationName = Release;
		};
		412742EE22B872AA00A9C39E /* Build configuration list for PBXNativeTarget "SRDemo" */ = {
			isa = XCConfigurationList;
			buildConfigurations = (
				412742EF22B872AA00A9C39E /* Debug */,
				412742F022B872AA00A9C39E /* Release */,
			);
			defaultConfigurationIsVisible = 0;
			defaultConfigurationName = Release;
		};
/* End XCConfigurationList section */
	};
	rootObject = 412742D222B872A800A9C39E /* Project object */;
}
