// !$*UTF8*$!
{
	archiveVersion = 1;
	classes = {
	};
	objectVersion = 50;
	objects = {

/* Begin PBXBuildFile section */
		411C14A7224113620008810F /* StyleTransferModel.mlmodel in Sources */ = {isa = PBXBuildFile; fileRef = 411C14A6224113620008810F /* StyleTransferModel.mlmodel */; };
		411C14A9224136AF0008810F /* Utils.swift in Sources */ = {isa = PBXBuildFile; fileRef = 411C14A8224136AF0008810F /* Utils.swift */; };
		411C14AB2241411B0008810F /* StyleModel.swift in Sources */ = {isa = PBXBuildFile; fileRef = 411C14AA2241411B0008810F /* StyleModel.swift */; };
		416E542C222D3BC30033A480 /* Image.swift in Sources */ = {isa = PBXBuildFile; fileRef = 416E542B222D3BC30033A480 /* Image.swift */; };
		6E197B1E222CAE4600CDB6B1 /* AppDelegate.swift in Sources */ = {isa = PBXBuildFile; fileRef = 6E197B1D222CAE4600CDB6B1 /* AppDelegate.swift */; };
		6E197B20222CAE4600CDB6B1 /* ViewController.swift in Sources */ = {isa = PBXBuildFile; fileRef = 6E197B1F222CAE4600CDB6B1 /* ViewController.swift */; };
		6E197B23222CAE4600CDB6B1 /* Main.storyboard in Resources */ = {isa = PBXBuildFile; fileRef = 6E197B21222CAE4600CDB6B1 /* Main.storyboard */; };
		6E197B25222CAE4800CDB6B1 /* Assets.xcassets in Resources */ = {isa = PBXBuildFile; fileRef = 6E197B24222CAE4800CDB6B1 /* Assets.xcassets */; };
		6E197B28222CAE4800CDB6B1 /* LaunchScreen.storyboard in Resources */ = {isa = PBXBuildFile; fileRef = 6E197B26222CAE4800CDB6B1 /* LaunchScreen.storyboard */; };
/* End PBXBuildFile section */

/* Begin PBXFileReference section */
		411C14A6224113620008810F /* StyleTransferModel.mlmodel */ = {isa = PBXFileReference; lastKnownFileType = file.mlmodel; path = StyleTransferModel.mlmodel; sourceTree = "<group>"; };
		411C14A8224136AF0008810F /* Utils.swift */ = {isa = PBXFileReference; lastKnownFileType = sourcecode.swift; path = Utils.swift; sourceTree = "<group>"; };
		411C14AA2241411B0008810F /* StyleModel.swift */ = {isa = PBXFileReference; lastKnownFileType = sourcecode.swift; path = StyleModel.swift; sourceTree = "<group>"; };
		416E542B222D3BC30033A480 /* Image.swift */ = {isa = PBXFileReference; lastKnownFileType = sourcecode.swift; path = Image.swift; sourceTree = "<group>"; };
		6E197B1A222CAE4600CDB6B1 /* NSTDemo.app */ = {isa = PBXFileReference; explicitFileType = wrapper.application; includeInIndex = 0; path = NSTDemo.app; sourceTree = BUILT_PRODUCTS_DIR; };
		6E197B1D222CAE4600CDB6B1 /* AppDelegate.swift */ = {isa = PBXFileReference; lastKnownFileType = sourcecode.swift; path = AppDelegate.swift; sourceTree = "<group>"; };
		6E197B1F222CAE4600CDB6B1 /* ViewController.swift */ = {isa = PBXFileReference; lastKnownFileType = sourcecode.swift; path = ViewController.swift; sourceTree = "<group>"; };
		6E197B22222CAE4600CDB6B1 /* Base */ = {isa = PBXFileReference; lastKnownFileType = file.storyboard; name = Base; path = Base.lproj/Main.storyboard; sourceTree = "<group>"; };
		6E197B24222CAE4800CDB6B1 /* Assets.xcassets */ = {isa = PBXFileReference; lastKnownFileType = folder.assetcatalog; path = Assets.xcassets; sourceTree = "<group>"; };
		6E197B27222CAE4800CDB6B1 /* Base */ = {isa = PBXFileReference; lastKnownFileType = file.storyboard; name = Base; path = Base.lproj/LaunchScreen.storyboard; sourceTree = "<group>"; };
		6E197B29222CAE4800CDB6B1 /* Info.plist */ = {isa = PBXFileReference; lastKnownFileType = text.plist.xml; path = Info.plist; sourceTree = "<group>"; };
/* End PBXFileReference section */

/* Begin PBXFrameworksBuildPhase section */
		6E197B17222CAE4600CDB6B1 /* Frameworks */ = {
			isa = PBXFrameworksBuildPhase;
			buildActionMask = 2147483647;
			files = (
			);
			runOnlyForDeploymentPostprocessing = 0;
		};
/* End PBXFrameworksBuildPhase section */

/* Begin PBXGroup section */
		6E197B11222CAE4600CDB6B1 = {
			isa = PBXGroup;
			children = (
				6E197B1C222CAE4600CDB6B1 /* NSTDemo */,
				6E197B1B222CAE4600CDB6B1 /* Products */,
			);
			sourceTree = "<group>";
		};
		6E197B1B222CAE4600CDB6B1 /* Products */ = {
			isa = PBXGroup;
			children = (
				6E197B1A222CAE4600CDB6B1 /* NSTDemo.app */,
			);
			name = Products;
			sourceTree = "<group>";
		};
		6E197B1C222CAE4600CDB6B1 /* NSTDemo */ = {
			isa = PBXGroup;
			children = (
				411C14A6224113620008810F /* StyleTransferModel.mlmodel */,
				6E197B1D222CAE4600CDB6B1 /* AppDelegate.swift */,
				6E197B1F222CAE4600CDB6B1 /* ViewController.swift */,
				416E542B222D3BC30033A480 /* Image.swift */,
				411C14AA2241411B0008810F /* StyleModel.swift */,
				411C14A8224136AF0008810F /* Utils.swift */,
				6E197B21222CAE4600CDB6B1 /* Main.storyboard */,
				6E197B24222CAE4800CDB6B1 /* Assets.xcassets */,
				6E197B26222CAE4800CDB6B1 /* LaunchScreen.storyboard */,
				6E197B29222CAE4800CDB6B1 /* Info.plist */,
			);
			path = NSTDemo;
			sourceTree = "<group>";
		};
/* End PBXGroup section */

/* Begin PBXNativeTarget section */
		6E197B19222CAE4600CDB6B1 /* NSTDemo */ = {
			isa = PBXNativeTarget;
			buildConfigurationList = 6E197B2C222CAE4800CDB6B1 /* Build configuration list for PBXNativeTarget "NSTDemo" */;
			buildPhases = (
				6E197B16222CAE4600CDB6B1 /* Sources */,
				6E197B17222CAE4600CDB6B1 /* Frameworks */,
				6E197B18222CAE4600CDB6B1 /* Resources */,
			);
			buildRules = (
			);
			dependencies = (
			);
			name = NSTDemo;
			productName = NSTDemo;
			productReference = 6E197B1A222CAE4600CDB6B1 /* NSTDemo.app */;
			productType = "com.apple.product-type.application";
		};
/* End PBXNativeTarget section */

/* Begin PBXProject section */
		6E197B12222CAE4600CDB6B1 /* Project object */ = {
			isa = PBXProject;
			attributes = {
				LastSwiftUpdateCheck = 1020;
				LastUpgradeCheck = 1020;
				ORGANIZATIONNAME = "Mars and Paris";
				TargetAttributes = {
					6E197B19222CAE4600CDB6B1 = {
						CreatedOnToolsVersion = 10.2;
					};
				};
			};
			buildConfigurationList = 6E197B15222CAE4600CDB6B1 /* Build configuration list for PBXProject "NSTDemo" */;
			compatibilityVersion = "Xcode 9.3";
			developmentRegion = en;
			hasScannedForEncodings = 0;
			knownRegions = (
				en,
				Base,
			);
			mainGroup = 6E197B11222CAE4600CDB6B1;
			productRefGroup = 6E197B1B222CAE4600CDB6B1 /* Products */;
			projectDirPath = "";
			projectRoot = "";
			targets = (
				6E197B19222CAE4600CDB6B1 /* NSTDemo */,
			);
		};
/* End PBXProject section */

/* Begin PBXResourcesBuildPhase section */
		6E197B18222CAE4600CDB6B1 /* Resources */ = {
			isa = PBXResourcesBuildPhase;
			buildActionMask = 2147483647;
			files = (
				6E197B28222CAE4800CDB6B1 /* LaunchScreen.storyboard in Resources */,
				6E197B25222CAE4800CDB6B1 /* Assets.xcassets in Resources */,
				6E197B23222CAE4600CDB6B1 /* Main.storyboard in Resources */,
			);
			runOnlyForDeploymentPostprocessing = 0;
		};
/* End PBXResourcesBuildPhase section */

/* Begin PBXSourcesBuildPhase section */
		6E197B16222CAE4600CDB6B1 /* Sources */ = {
			isa = PBXSourcesBuildPhase;
			buildActionMask = 2147483647;
			files = (
				411C14A9224136AF0008810F /* Utils.swift in Sources */,
				6E197B20222CAE4600CDB6B1 /* ViewController.swift in Sources */,
				411C14A7224113620008810F /* StyleTransferModel.mlmodel in Sources */,
				6E197B1E222CAE4600CDB6B1 /* AppDelegate.swift in Sources */,
				416E542C222D3BC30033A480 /* Image.swift in Sources */,
				411C14AB2241411B0008810F /* StyleModel.swift in Sources */,
			);
			runOnlyForDeploymentPostprocessing = 0;
		};
/* End PBXSourcesBuildPhase section */

/* Begin PBXVariantGroup section */
		6E197B21222CAE4600CDB6B1 /* Main.storyboard */ = {
			isa = PBXVariantGroup;
			children = (
				6E197B22222CAE4600CDB6B1 /* Base */,
			);
			name = Main.storyboard;
			sourceTree = "<group>";
		};
		6E197B26222CAE4800CDB6B1 /* LaunchScreen.storyboard */ = {
			isa = PBXVariantGroup;
			children = (
				6E197B27222CAE4800CDB6B1 /* Base */,
			);
			name = LaunchScreen.storyboard;
			sourceTree = "<group>";
		};
/* End PBXVariantGroup section */

/* Begin XCBuildConfiguration section */
		6E197B2A222CAE4800CDB6B1 /* Debug */ = {
			isa = XCBuildConfiguration;
			buildSettings = {
				ALWAYS_SEARCH_USER_PATHS = NO;
				CLANG_ANALYZER_NONNULL = YES;
				CLANG_ANALYZER_NUMBER_OBJECT_CONVERSION = YES_AGGRESSIVE;
				CLANG_CXX_LANGUAGE_STANDARD = "gnu++14";
				CLANG_CXX_LIBRARY = "libc++";
				CLANG_ENABLE_MODULES = YES;
				CLANG_ENABLE_OBJC_ARC = YES;
				CLANG_ENABLE_OBJC_WEAK = YES;
				CLANG_WARN_BLOCK_CAPTURE_AUTORELEASING = YES;
				CLANG_WARN_BOOL_CONVERSION = YES;
				CLANG_WARN_COMMA = YES;
				CLANG_WARN_CONSTANT_CONVERSION = YES;
				CLANG_WARN_DEPRECATED_OBJC_IMPLEMENTATIONS = YES;
				CLANG_WARN_DIRECT_OBJC_ISA_USAGE = YES_ERROR;
				CLANG_WARN_DOCUMENTATION_COMMENTS = YES;
				CLANG_WARN_EMPTY_BODY = YES;
				CLANG_WARN_ENUM_CONVERSION = YES;
				CLANG_WARN_INFINITE_RECURSION = YES;
				CLANG_WARN_INT_CONVERSION = YES;
				CLANG_WARN_NON_LITERAL_NULL_CONVERSION = YES;
				CLANG_WARN_OBJC_IMPLICIT_RETAIN_SELF = YES;
				CLANG_WARN_OBJC_LITERAL_CONVERSION = YES;
				CLANG_WARN_OBJC_ROOT_CLASS = YES_ERROR;
				CLANG_WARN_RANGE_LOOP_ANALYSIS = YES;
				CLANG_WARN_STRICT_PROTOTYPES = YES;
				CLANG_WARN_SUSPICIOUS_MOVE = YES;
				CLANG_WARN_UNGUARDED_AVAILABILITY = YES_AGGRESSIVE;
				CLANG_WARN_UNREACHABLE_CODE = YES;
				CLANG_WARN__DUPLICATE_METHOD_MATCH = YES;
				CODE_SIGN_IDENTITY = "iPhone Developer";
				COPY_PHASE_STRIP = NO;
				DEBUG_INFORMATION_FORMAT = dwarf;
				ENABLE_STRICT_OBJC_MSGSEND = YES;
				ENABLE_TESTABILITY = YES;
				GCC_C_LANGUAGE_STANDARD = gnu11;
				GCC_DYNAMIC_NO_PIC = NO;
				GCC_NO_COMMON_BLOCKS = YES;
				GCC_OPTIMIZATION_LEVEL = 0;
				GCC_PREPROCESSOR_DEFINITIONS = (
					"DEBUG=1",
					"$(inherited)",
				);
				GCC_WARN_64_TO_32_BIT_CONVERSION = YES;
				GCC_WARN_ABOUT_RETURN_TYPE = YES_ERROR;
				GCC_WARN_UNDECLARED_SELECTOR = YES;
				GCC_WARN_UNINITIALIZED_AUTOS = YES_AGGRESSIVE;
				GCC_WARN_UNUSED_FUNCTION = YES;
				GCC_WARN_UNUSED_VARIABLE = YES;
				IPHONEOS_DEPLOYMENT_TARGET = 12.2;
				MTL_ENABLE_DEBUG_INFO = INCLUDE_SOURCE;
				MTL_FAST_MATH = YES;
				ONLY_ACTIVE_ARCH = YES;
				SDKROOT = iphoneos;
				SWIFT_ACTIVE_COMPILATION_CONDITIONS = DEBUG;
				SWIFT_OPTIMIZATION_LEVEL = "-Onone";
			};
			name = Debug;
		};
		6E197B2B222CAE4800CDB6B1 /* Release */ = {
			isa = XCBuildConfiguration;
			buildSettings = {
				ALWAYS_SEARCH_USER_PATHS = NO;
				CLANG_ANALYZER_NONNULL = YES;
				CLANG_ANALYZER_NUMBER_OBJECT_CONVERSION = YES_AGGRESSIVE;
				CLANG_CXX_LANGUAGE_STANDARD = "gnu++14";
				CLANG_CXX_LIBRARY = "libc++";
				CLANG_ENABLE_MODULES = YES;
				CLANG_ENABLE_OBJC_ARC = YES;
				CLANG_ENABLE_OBJC_WEAK = YES;
				CLANG_WARN_BLOCK_CAPTURE_AUTORELEASING = YES;
				CLANG_WARN_BOOL_CONVERSION = YES;
				CLANG_WARN_COMMA = YES;
				CLANG_WARN_CONSTANT_CONVERSION = YES;
				CLANG_WARN_DEPRECATED_OBJC_IMPLEMENTATIONS = YES;
				CLANG_WARN_DIRECT_OBJC_ISA_USAGE = YES_ERROR;
				CLANG_WARN_DOCUMENTATION_COMMENTS = YES;
				CLANG_WARN_EMPTY_BODY = YES;
				CLANG_WARN_ENUM_CONVERSION = YES;
				CLANG_WARN_INFINITE_RECURSION = YES;
				CLANG_WARN_INT_CONVERSION = YES;
				CLANG_WARN_NON_LITERAL_NULL_CONVERSION = YES;
				CLANG_WARN_OBJC_IMPLICIT_RETAIN_SELF = YES;
				CLANG_WARN_OBJC_LITERAL_CONVERSION = YES;
				CLANG_WARN_OBJC_ROOT_CLASS = YES_ERROR;
				CLANG_WARN_RANGE_LOOP_ANALYSIS = YES;
				CLANG_WARN_STRICT_PROTOTYPES = YES;
				CLANG_WARN_SUSPICIOUS_MOVE = YES;
				CLANG_WARN_UNGUARDED_AVAILABILITY = YES_AGGRESSIVE;
				CLANG_WARN_UNREACHABLE_CODE = YES;
				CLANG_WARN__DUPLICATE_METHOD_MATCH = YES;
				CODE_SIGN_IDENTITY = "iPhone Developer";
				COPY_PHASE_STRIP = NO;
				DEBUG_INFORMATION_FORMAT = "dwarf-with-dsym";
				ENABLE_NS_ASSERTIONS = NO;
				ENABLE_STRICT_OBJC_MSGSEND = YES;
				GCC_C_LANGUAGE_STANDARD = gnu11;
				GCC_NO_COMMON_BLOCKS = YES;
				GCC_WARN_64_TO_32_BIT_CONVERSION = YES;
				GCC_WARN_ABOUT_RETURN_TYPE = YES_ERROR;
				GCC_WARN_UNDECLARED_SELECTOR = YES;
				GCC_WARN_UNINITIALIZED_AUTOS = YES_AGGRESSIVE;
				GCC_WARN_UNUSED_FUNCTION = YES;
				GCC_WARN_UNUSED_VARIABLE = YES;
				IPHONEOS_DEPLOYMENT_TARGET = 12.2;
				MTL_ENABLE_DEBUG_INFO = NO;
				MTL_FAST_MATH = YES;
				SDKROOT = iphoneos;
				SWIFT_COMPILATION_MODE = wholemodule;
				SWIFT_OPTIMIZATION_LEVEL = "-O";
				VALIDATE_PRODUCT = YES;
			};
			name = Release;
		};
		6E197B2D222CAE4800CDB6B1 /* Debug */ = {
			isa = XCBuildConfiguration;
			buildSettings = {
				ASSETCATALOG_COMPILER_APPICON_NAME = AppIcon;
				CODE_SIGN_STYLE = Automatic;
				DEVELOPMENT_TEAM = WWM8ZC54SY;
				INFOPLIST_FILE = NSTDemo/Info.plist;
				IPHONEOS_DEPLOYMENT_TARGET = 13.0;
				LD_RUNPATH_SEARCH_PATHS = (
					"$(inherited)",
					"@executable_path/Frameworks",
				);
				PRODUCT_BUNDLE_IDENTIFIER = paris.hey.nstdemo.NSTDemo;
				PRODUCT_NAME = "$(TARGET_NAME)";
				SWIFT_VERSION = 5.0;
				TARGETED_DEVICE_FAMILY = 1;
			};
			name = Debug;
		};
		6E197B2E222CAE4800CDB6B1 /* Release */ = {
			isa = XCBuildConfiguration;
			buildSettings = {
				ASSETCATALOG_COMPILER_APPICON_NAME = AppIcon;
				CODE_SIGN_STYLE = Automatic;
				DEVELOPMENT_TEAM = WWM8ZC54SY;
				INFOPLIST_FILE = NSTDemo/Info.plist;
				IPHONEOS_DEPLOYMENT_TARGET = 13.0;
				LD_RUNPATH_SEARCH_PATHS = (
					"$(inherited)",
					"@executable_path/Frameworks",
				);
				PRODUCT_BUNDLE_IDENTIFIER = paris.hey.nstdemo.NSTDemo;
				PRODUCT_NAME = "$(TARGET_NAME)";
				SWIFT_VERSION = 5.0;
				TARGETED_DEVICE_FAMILY = 1;
			};
			name = Release;
		};
/* End XCBuildConfiguration section */

/* Begin XCConfigurationList section */
		6E197B15222CAE4600CDB6B1 /* Build configuration list for PBXProject "NSTDemo" */ = {
			isa = XCConfigurationList;
			buildConfigurations = (
				6E197B2A222CAE4800CDB6B1 /* Debug */,
				6E197B2B222CAE4800CDB6B1 /* Release */,
			);
			defaultConfigurationIsVisible = 0;
			defaultConfigurationName = Release;
		};
		6E197B2C222CAE4800CDB6B1 /* Build configuration list for PBXNativeTarget "NSTDemo" */ = {
			isa = XCConfigurationList;
			buildConfigurations = (
				6E197B2D222CAE4800CDB6B1 /* Debug */,
				6E197B2E222CAE4800CDB6B1 /* Release */,
			);
			defaultConfigurationIsVisible = 0;
			defaultConfigurationName = Release;
		};
/* End XCConfigurationList section */
	};
	rootObject = 6E197B12222CAE4600CDB6B1 /* Project object */;
}
