// !$*UTF8*$!
{
	archiveVersion = 1;
	classes = {
	};
	objectVersion = 50;
	objects = {

/* Begin PBXBuildFile section */
		4140046222C0733B0001D4D5 /* ImageFilters.swift in Sources */ = {isa = PBXBuildFile; fileRef = 4140046122C0733B0001D4D5 /* ImageFilters.swift */; };
		41E9DD3C22BDF2B80095D976 /* AppDelegate.swift in Sources */ = {isa = PBXBuildFile; fileRef = 41E9DD3B22BDF2B80095D976 /* AppDelegate.swift */; };
		41E9DD4022BDF2B80095D976 /* ContentView.swift in Sources */ = {isa = PBXBuildFile; fileRef = 41E9DD3F22BDF2B80095D976 /* ContentView.swift */; };
		41E9DD4222BDF2BA0095D976 /* Assets.xcassets in Resources */ = {isa = PBXBuildFile; fileRef = 41E9DD4122BDF2BA0095D976 /* Assets.xcassets */; };
		41E9DD4522BDF2BA0095D976 /* Preview Assets.xcassets in Resources */ = {isa = PBXBuildFile; fileRef = 41E9DD4422BDF2BA0095D976 /* Preview Assets.xcassets */; };
		41E9DD4822BDF2BA0095D976 /* LaunchScreen.storyboard in Resources */ = {isa = PBXBuildFile; fileRef = 41E9DD4622BDF2BA0095D976 /* LaunchScreen.storyboard */; };
		41E9DD5022BDF45D0095D976 /* Views.swift in Sources */ = {isa = PBXBuildFile; fileRef = 41E9DD4F22BDF45D0095D976 /* Views.swift */; };
		41EA2C3522C07BC400F481C2 /* Drawing.swift in Sources */ = {isa = PBXBuildFile; fileRef = 41EA2C3422C07BC400F481C2 /* Drawing.swift */; };
/* End PBXBuildFile section */

/* Begin PBXFileReference section */
		4140046122C0733B0001D4D5 /* ImageFilters.swift */ = {isa = PBXFileReference; lastKnownFileType = sourcecode.swift; path = ImageFilters.swift; sourceTree = "<group>"; };
		41E9DD3822BDF2B80095D976 /* DDDemo.app */ = {isa = PBXFileReference; explicitFileType = wrapper.application; includeInIndex = 0; path = DDDemo.app; sourceTree = BUILT_PRODUCTS_DIR; };
		41E9DD3B22BDF2B80095D976 /* AppDelegate.swift */ = {isa = PBXFileReference; lastKnownFileType = sourcecode.swift; path = AppDelegate.swift; sourceTree = "<group>"; };
		41E9DD3F22BDF2B80095D976 /* ContentView.swift */ = {isa = PBXFileReference; lastKnownFileType = sourcecode.swift; path = ContentView.swift; sourceTree = "<group>"; };
		41E9DD4122BDF2BA0095D976 /* Assets.xcassets */ = {isa = PBXFileReference; lastKnownFileType = folder.assetcatalog; path = Assets.xcassets; sourceTree = "<group>"; };
		41E9DD4422BDF2BA0095D976 /* Preview Assets.xcassets */ = {isa = PBXFileReference; lastKnownFileType = folder.assetcatalog; path = "Preview Assets.xcassets"; sourceTree = "<group>"; };
		41E9DD4722BDF2BA0095D976 /* Base */ = {isa = PBXFileReference; lastKnownFileType = file.storyboard; name = Base; path = Base.lproj/LaunchScreen.storyboard; sourceTree = "<group>"; };
		41E9DD4922BDF2BA0095D976 /* Info.plist */ = {isa = PBXFileReference; lastKnownFileType = text.plist.xml; path = Info.plist; sourceTree = "<group>"; };
		41E9DD4F22BDF45D0095D976 /* Views.swift */ = {isa = PBXFileReference; lastKnownFileType = sourcecode.swift; path = Views.swift; sourceTree = "<group>"; };
		41EA2C3422C07BC400F481C2 /* Drawing.swift */ = {isa = PBXFileReference; lastKnownFileType = sourcecode.swift; path = Drawing.swift; sourceTree = "<group>"; };
/* End PBXFileReference section */

/* Begin PBXFrameworksBuildPhase section */
		41E9DD3522BDF2B80095D976 /* Frameworks */ = {
			isa = PBXFrameworksBuildPhase;
			buildActionMask = 2147483647;
			files = (
			);
			runOnlyForDeploymentPostprocessing = 0;
		};
/* End PBXFrameworksBuildPhase section */

/* Begin PBXGroup section */
		41E9DD2F22BDF2B80095D976 = {
			isa = PBXGroup;
			children = (
				41E9DD3A22BDF2B80095D976 /* DDDemo */,
				41E9DD3922BDF2B80095D976 /* Products */,
			);
			sourceTree = "<group>";
		};
		41E9DD3922BDF2B80095D976 /* Products */ = {
			isa = PBXGroup;
			children = (
				41E9DD3822BDF2B80095D976 /* DDDemo.app */,
			);
			name = Products;
			sourceTree = "<group>";
		};
		41E9DD3A22BDF2B80095D976 /* DDDemo */ = {
			isa = PBXGroup;
			children = (
				41E9DD3B22BDF2B80095D976 /* AppDelegate.swift */,
				41E9DD3F22BDF2B80095D976 /* ContentView.swift */,
				41EA2C3422C07BC400F481C2 /* Drawing.swift */,
				41E9DD4F22BDF45D0095D976 /* Views.swift */,
				4140046122C0733B0001D4D5 /* ImageFilters.swift */,
				41E9DD4122BDF2BA0095D976 /* Assets.xcassets */,
				41E9DD4622BDF2BA0095D976 /* LaunchScreen.storyboard */,
				41E9DD4922BDF2BA0095D976 /* Info.plist */,
				41E9DD4322BDF2BA0095D976 /* Preview Content */,
			);
			path = DDDemo;
			sourceTree = "<group>";
		};
		41E9DD4322BDF2BA0095D976 /* Preview Content */ = {
			isa = PBXGroup;
			children = (
				41E9DD4422BDF2BA0095D976 /* Preview Assets.xcassets */,
			);
			path = "Preview Content";
			sourceTree = "<group>";
		};
/* End PBXGroup section */

/* Begin PBXNativeTarget section */
		41E9DD3722BDF2B80095D976 /* DDDemo */ = {
			isa = PBXNativeTarget;
			buildConfigurationList = 41E9DD4C22BDF2BA0095D976 /* Build configuration list for PBXNativeTarget "DDDemo" */;
			buildPhases = (
				41E9DD3422BDF2B80095D976 /* Sources */,
				41E9DD3522BDF2B80095D976 /* Frameworks */,
				41E9DD3622BDF2B80095D976 /* Resources */,
			);
			buildRules = (
			);
			dependencies = (
			);
			name = DDDemo;
			productName = DDDemo;
			productReference = 41E9DD3822BDF2B80095D976 /* DDDemo.app */;
			productType = "com.apple.product-type.application";
		};
/* End PBXNativeTarget section */

/* Begin PBXProject section */
		41E9DD3022BDF2B80095D976 /* Project object */ = {
			isa = PBXProject;
			attributes = {
				LastSwiftUpdateCheck = 1100;
				LastUpgradeCheck = 1100;
				ORGANIZATIONNAME = "Mars Geldard";
				TargetAttributes = {
					41E9DD3722BDF2B80095D976 = {
						CreatedOnToolsVersion = 11.0;
					};
				};
			};
			buildConfigurationList = 41E9DD3322BDF2B80095D976 /* Build configuration list for PBXProject "DDDemo" */;
			compatibilityVersion = "Xcode 9.3";
			developmentRegion = en;
			hasScannedForEncodings = 0;
			knownRegions = (
				en,
				Base,
			);
			mainGroup = 41E9DD2F22BDF2B80095D976;
			productRefGroup = 41E9DD3922BDF2B80095D976 /* Products */;
			projectDirPath = "";
			projectRoot = "";
			targets = (
				41E9DD3722BDF2B80095D976 /* DDDemo */,
			);
		};
/* End PBXProject section */

/* Begin PBXResourcesBuildPhase section */
		41E9DD3622BDF2B80095D976 /* Resources */ = {
			isa = PBXResourcesBuildPhase;
			buildActionMask = 2147483647;
			files = (
				41E9DD4822BDF2BA0095D976 /* LaunchScreen.storyboard in Resources */,
				41E9DD4522BDF2BA0095D976 /* Preview Assets.xcassets in Resources */,
				41E9DD4222BDF2BA0095D976 /* Assets.xcassets in Resources */,
			);
			runOnlyForDeploymentPostprocessing = 0;
		};
/* End PBXResourcesBuildPhase section */

/* Begin PBXSourcesBuildPhase section */
		41E9DD3422BDF2B80095D976 /* Sources */ = {
			isa = PBXSourcesBuildPhase;
			buildActionMask = 2147483647;
			files = (
				41E9DD3C22BDF2B80095D976 /* AppDelegate.swift in Sources */,
				4140046222C0733B0001D4D5 /* ImageFilters.swift in Sources */,
				41E9DD4022BDF2B80095D976 /* ContentView.swift in Sources */,
				41E9DD5022BDF45D0095D976 /* Views.swift in Sources */,
				41EA2C3522C07BC400F481C2 /* Drawing.swift in Sources */,
			);
			runOnlyForDeploymentPostprocessing = 0;
		};
/* End PBXSourcesBuildPhase section */

/* Begin PBXVariantGroup section */
		41E9DD4622BDF2BA0095D976 /* LaunchScreen.storyboard */ = {
			isa = PBXVariantGroup;
			children = (
				41E9DD4722BDF2BA0095D976 /* Base */,
			);
			name = LaunchScreen.storyboard;
			sourceTree = "<group>";
		};
/* End PBXVariantGroup section */

/* Begin XCBuildConfiguration section */
		41E9DD4A22BDF2BA0095D976 /* Debug */ = {
			isa = XCBuildConfiguration;
			buildSettings = {
				ALWAYS_SEARCH_USER_PATHS = NO;
				CLANG_ANALYZER_NONNULL = YES;
				CLANG_ANALYZER_NUMBER_OBJECT_CONVERSION = YES_AGGRESSIVE;
				CLANG_CXX_LANGUAGE_STANDARD = "gnu++14";
				CLANG_CXX_LIBRARY = "libc++";
				CLANG_ENABLE_MODULES = YES;
				CLANG_ENABLE_OBJC_ARC = YES;
				CLANG_ENABLE_OBJC_WEAK = YES;
				CLANG_WARN_BLOCK_CAPTURE_AUTORELEASING = YES;
				CLANG_WARN_BOOL_CONVERSION = YES;
				CLANG_WARN_COMMA = YES;
				CLANG_WARN_CONSTANT_CONVERSION = YES;
				CLANG_WARN_DEPRECATED_OBJC_IMPLEMENTATIONS = YES;
				CLANG_WARN_DIRECT_OBJC_ISA_USAGE = YES_ERROR;
				CLANG_WARN_DOCUMENTATION_COMMENTS = YES;
				CLANG_WARN_EMPTY_BODY = YES;
				CLANG_WARN_ENUM_CONVERSION = YES;
				CLANG_WARN_INFINITE_RECURSION = YES;
				CLANG_WARN_INT_CONVERSION = YES;
				CLANG_WARN_NON_LITERAL_NULL_CONVERSION = YES;
				CLANG_WARN_OBJC_IMPLICIT_RETAIN_SELF = YES;
				CLANG_WARN_OBJC_LITERAL_CONVERSION = YES;
				CLANG_WARN_OBJC_ROOT_CLASS = YES_ERROR;
				CLANG_WARN_RANGE_LOOP_ANALYSIS = YES;
				CLANG_WARN_STRICT_PROTOTYPES = YES;
				CLANG_WARN_SUSPICIOUS_MOVE = YES;
				CLANG_WARN_UNGUARDED_AVAILABILITY = YES_AGGRESSIVE;
				CLANG_WARN_UNREACHABLE_CODE = YES;
				CLANG_WARN__DUPLICATE_METHOD_MATCH = YES;
				COPY_PHASE_STRIP = NO;
				DEBUG_INFORMATION_FORMAT = dwarf;
				ENABLE_STRICT_OBJC_MSGSEND = YES;
				ENABLE_TESTABILITY = YES;
				GCC_C_LANGUAGE_STANDARD = gnu11;
				GCC_DYNAMIC_NO_PIC = NO;
				GCC_NO_COMMON_BLOCKS = YES;
				GCC_OPTIMIZATION_LEVEL = 0;
				GCC_PREPROCESSOR_DEFINITIONS = (
					"DEBUG=1",
					"$(inherited)",
				);
				GCC_WARN_64_TO_32_BIT_CONVERSION = YES;
				GCC_WARN_ABOUT_RETURN_TYPE = YES_ERROR;
				GCC_WARN_UNDECLARED_SELECTOR = YES;
				GCC_WARN_UNINITIALIZED_AUTOS = YES_AGGRESSIVE;
				GCC_WARN_UNUSED_FUNCTION = YES;
				GCC_WARN_UNUSED_VARIABLE = YES;
				IPHONEOS_DEPLOYMENT_TARGET = 13.0;
				MTL_ENABLE_DEBUG_INFO = INCLUDE_SOURCE;
				MTL_FAST_MATH = YES;
				ONLY_ACTIVE_ARCH = YES;
				SDKROOT = iphoneos;
				SWIFT_ACTIVE_COMPILATION_CONDITIONS = DEBUG;
				SWIFT_OPTIMIZATION_LEVEL = "-Onone";
			};
			name = Debug;
		};
		41E9DD4B22BDF2BA0095D976 /* Release */ = {
			isa = XCBuildConfiguration;
			buildSettings = {
				ALWAYS_SEARCH_USER_PATHS = NO;
				CLANG_ANALYZER_NONNULL = YES;
				CLANG_ANALYZER_NUMBER_OBJECT_CONVERSION = YES_AGGRESSIVE;
				CLANG_CXX_LANGUAGE_STANDARD = "gnu++14";
				CLANG_CXX_LIBRARY = "libc++";
				CLANG_ENABLE_MODULES = YES;
				CLANG_ENABLE_OBJC_ARC = YES;
				CLANG_ENABLE_OBJC_WEAK = YES;
				CLANG_WARN_BLOCK_CAPTURE_AUTORELEASING = YES;
				CLANG_WARN_BOOL_CONVERSION = YES;
				CLANG_WARN_COMMA = YES;
				CLANG_WARN_CONSTANT_CONVERSION = YES;
				CLANG_WARN_DEPRECATED_OBJC_IMPLEMENTATIONS = YES;
				CLANG_WARN_DIRECT_OBJC_ISA_USAGE = YES_ERROR;
				CLANG_WARN_DOCUMENTATION_COMMENTS = YES;
				CLANG_WARN_EMPTY_BODY = YES;
				CLANG_WARN_ENUM_CONVERSION = YES;
				CLANG_WARN_INFINITE_RECURSION = YES;
				CLANG_WARN_INT_CONVERSION = YES;
				CLANG_WARN_NON_LITERAL_NULL_CONVERSION = YES;
				CLANG_WARN_OBJC_IMPLICIT_RETAIN_SELF = YES;
				CLANG_WARN_OBJC_LITERAL_CONVERSION = YES;
				CLANG_WARN_OBJC_ROOT_CLASS = YES_ERROR;
				CLANG_WARN_RANGE_LOOP_ANALYSIS = YES;
				CLANG_WARN_STRICT_PROTOTYPES = YES;
				CLANG_WARN_SUSPICIOUS_MOVE = YES;
				CLANG_WARN_UNGUARDED_AVAILABILITY = YES_AGGRESSIVE;
				CLANG_WARN_UNREACHABLE_CODE = YES;
				CLANG_WARN__DUPLICATE_METHOD_MATCH = YES;
				COPY_PHASE_STRIP = NO;
				DEBUG_INFORMATION_FORMAT = "dwarf-with-dsym";
				ENABLE_NS_ASSERTIONS = NO;
				ENABLE_STRICT_OBJC_MSGSEND = YES;
				GCC_C_LANGUAGE_STANDARD = gnu11;
				GCC_NO_COMMON_BLOCKS = YES;
				GCC_WARN_64_TO_32_BIT_CONVERSION = YES;
				GCC_WARN_ABOUT_RETURN_TYPE = YES_ERROR;
				GCC_WARN_UNDECLARED_SELECTOR = YES;
				GCC_WARN_UNINITIALIZED_AUTOS = YES_AGGRESSIVE;
				GCC_WARN_UNUSED_FUNCTION = YES;
				GCC_WARN_UNUSED_VARIABLE = YES;
				IPHONEOS_DEPLOYMENT_TARGET = 13.0;
				MTL_ENABLE_DEBUG_INFO = NO;
				MTL_FAST_MATH = YES;
				SDKROOT = iphoneos;
				SWIFT_COMPILATION_MODE = wholemodule;
				SWIFT_OPTIMIZATION_LEVEL = "-O";
				VALIDATE_PRODUCT = YES;
			};
			name = Release;
		};
		41E9DD4D22BDF2BA0095D976 /* Debug */ = {
			isa = XCBuildConfiguration;
			buildSettings = {
				ASSETCATALOG_COMPILER_APPICON_NAME = AppIcon;
				CODE_SIGN_STYLE = Automatic;
				DEVELOPMENT_ASSET_PATHS = "DDDemo/Preview\\ Content";
				DEVELOPMENT_TEAM = 5V2A4389PA;
				ENABLE_PREVIEWS = YES;
				INFOPLIST_FILE = DDDemo/Info.plist;
				LD_RUNPATH_SEARCH_PATHS = (
					"$(inherited)",
					"@executable_path/Frameworks",
				);
				PRODUCT_BUNDLE_IDENTIFIER = au.com.secretlab.DDDemo;
				PRODUCT_NAME = "$(TARGET_NAME)";
				SWIFT_VERSION = 5.0;
				TARGETED_DEVICE_FAMILY = 1;
			};
			name = Debug;
		};
		41E9DD4E22BDF2BA0095D976 /* Release */ = {
			isa = XCBuildConfiguration;
			buildSettings = {
				ASSETCATALOG_COMPILER_APPICON_NAME = AppIcon;
				CODE_SIGN_STYLE = Automatic;
				DEVELOPMENT_ASSET_PATHS = "DDDemo/Preview\\ Content";
				DEVELOPMENT_TEAM = 5V2A4389PA;
				ENABLE_PREVIEWS = YES;
				INFOPLIST_FILE = DDDemo/Info.plist;
				LD_RUNPATH_SEARCH_PATHS = (
					"$(inherited)",
					"@executable_path/Frameworks",
				);
				PRODUCT_BUNDLE_IDENTIFIER = au.com.secretlab.DDDemo;
				PRODUCT_NAME = "$(TARGET_NAME)";
				SWIFT_VERSION = 5.0;
				TARGETED_DEVICE_FAMILY = 1;
			};
			name = Release;
		};
/* End XCBuildConfiguration section */

/* Begin XCConfigurationList section */
		41E9DD3322BDF2B80095D976 /* Build configuration list for PBXProject "DDDemo" */ = {
			isa = XCConfigurationList;
			buildConfigurations = (
				41E9DD4A22BDF2BA0095D976 /* Debug */,
				41E9DD4B22BDF2BA0095D976 /* Release */,
			);
			defaultConfigurationIsVisible = 0;
			defaultConfigurationName = Release;
		};
		41E9DD4C22BDF2BA0095D976 /* Build configuration list for PBXNativeTarget "DDDemo" */ = {
			isa = XCConfigurationList;
			buildConfigurations = (
				41E9DD4D22BDF2BA0095D976 /* Debug */,
				41E9DD4E22BDF2BA0095D976 /* Release */,
			);
			defaultConfigurationIsVisible = 0;
			defaultConfigurationName = Release;
		};
/* End XCConfigurationList section */
	};
	rootObject = 41E9DD3022BDF2B80095D976 /* Project object */;
}
