// !$*UTF8*$!
{
	archiveVersion = 1;
	classes = {
	};
	objectVersion = 50;
	objects = {

/* Begin PBXBuildFile section */
		4127431622B8B75600A9C39E /* Views.swift in Sources */ = {isa = PBXBuildFile; fileRef = 4127431522B8B75600A9C39E /* Views.swift */; };
		414B6FDF22B1E8D000D36576 /* AppDelegate.swift in Sources */ = {isa = PBXBuildFile; fileRef = 414B6FDE22B1E8D000D36576 /* AppDelegate.swift */; };
		414B6FE322B1E8D000D36576 /* ContentView.swift in Sources */ = {isa = PBXBuildFile; fileRef = 414B6FE222B1E8D000D36576 /* ContentView.swift */; };
		414B6FE822B1E8D200D36576 /* Preview Assets.xcassets in Resources */ = {isa = PBXBuildFile; fileRef = 414B6FE722B1E8D200D36576 /* Preview Assets.xcassets */; };
		414B6FEB22B1E8D200D36576 /* LaunchScreen.storyboard in Resources */ = {isa = PBXBuildFile; fileRef = 414B6FE922B1E8D200D36576 /* LaunchScreen.storyboard */; };
		414B6FF322B1F26F00D36576 /* Assets.xcassets in Resources */ = {isa = PBXBuildFile; fileRef = 414B6FF222B1F26F00D36576 /* Assets.xcassets */; };
/* End PBXBuildFile section */

/* Begin PBXFileReference section */
		4127431522B8B75600A9C39E /* Views.swift */ = {isa = PBXFileReference; lastKnownFileType = sourcecode.swift; path = Views.swift; sourceTree = "<group>"; };
		414B6FDB22B1E8D000D36576 /* ISDemo.app */ = {isa = PBXFileReference; explicitFileType = wrapper.application; includeInIndex = 0; path = ISDemo.app; sourceTree = BUILT_PRODUCTS_DIR; };
		414B6FDE22B1E8D000D36576 /* AppDelegate.swift */ = {isa = PBXFileReference; lastKnownFileType = sourcecode.swift; path = AppDelegate.swift; sourceTree = "<group>"; };
		414B6FE222B1E8D000D36576 /* ContentView.swift */ = {isa = PBXFileReference; lastKnownFileType = sourcecode.swift; path = ContentView.swift; sourceTree = "<group>"; };
		414B6FE722B1E8D200D36576 /* Preview Assets.xcassets */ = {isa = PBXFileReference; lastKnownFileType = folder.assetcatalog; path = "Preview Assets.xcassets"; sourceTree = "<group>"; };
		414B6FEA22B1E8D200D36576 /* Base */ = {isa = PBXFileReference; lastKnownFileType = file.storyboard; name = Base; path = Base.lproj/LaunchScreen.storyboard; sourceTree = "<group>"; };
		414B6FEC22B1E8D200D36576 /* Info.plist */ = {isa = PBXFileReference; lastKnownFileType = text.plist.xml; path = Info.plist; sourceTree = "<group>"; };
		414B6FF222B1F26F00D36576 /* Assets.xcassets */ = {isa = PBXFileReference; lastKnownFileType = folder.assetcatalog; path = Assets.xcassets; sourceTree = "<group>"; };
/* End PBXFileReference section */

/* Begin PBXFrameworksBuildPhase section */
		414B6FD822B1E8D000D36576 /* Frameworks */ = {
			isa = PBXFrameworksBuildPhase;
			buildActionMask = 2147483647;
			files = (
			);
			runOnlyForDeploymentPostprocessing = 0;
		};
/* End PBXFrameworksBuildPhase section */

/* Begin PBXGroup section */
		414B6FD222B1E8D000D36576 = {
			isa = PBXGroup;
			children = (
				414B6FDD22B1E8D000D36576 /* ISDemo */,
				414B6FDC22B1E8D000D36576 /* Products */,
			);
			sourceTree = "<group>";
		};
		414B6FDC22B1E8D000D36576 /* Products */ = {
			isa = PBXGroup;
			children = (
				414B6FDB22B1E8D000D36576 /* ISDemo.app */,
			);
			name = Products;
			sourceTree = "<group>";
		};
		414B6FDD22B1E8D000D36576 /* ISDemo */ = {
			isa = PBXGroup;
			children = (
				414B6FDE22B1E8D000D36576 /* AppDelegate.swift */,
				414B6FE222B1E8D000D36576 /* ContentView.swift */,
				4127431522B8B75600A9C39E /* Views.swift */,
				414B6FF222B1F26F00D36576 /* Assets.xcassets */,
				414B6FE922B1E8D200D36576 /* LaunchScreen.storyboard */,
				414B6FEC22B1E8D200D36576 /* Info.plist */,
				414B6FE622B1E8D200D36576 /* Preview Content */,
			);
			path = ISDemo;
			sourceTree = "<group>";
		};
		414B6FE622B1E8D200D36576 /* Preview Content */ = {
			isa = PBXGroup;
			children = (
				414B6FE722B1E8D200D36576 /* Preview Assets.xcassets */,
			);
			path = "Preview Content";
			sourceTree = "<group>";
		};
/* End PBXGroup section */

/* Begin PBXNativeTarget section */
		414B6FDA22B1E8D000D36576 /* ISDemo */ = {
			isa = PBXNativeTarget;
			buildConfigurationList = 414B6FEF22B1E8D200D36576 /* Build configuration list for PBXNativeTarget "ISDemo" */;
			buildPhases = (
				414B6FD722B1E8D000D36576 /* Sources */,
				414B6FD822B1E8D000D36576 /* Frameworks */,
				414B6FD922B1E8D000D36576 /* Resources */,
			);
			buildRules = (
			);
			dependencies = (
			);
			name = ISDemo;
			productName = ISDemo;
			productReference = 414B6FDB22B1E8D000D36576 /* ISDemo.app */;
			productType = "com.apple.product-type.application";
		};
/* End PBXNativeTarget section */

/* Begin PBXProject section */
		414B6FD322B1E8D000D36576 /* Project object */ = {
			isa = PBXProject;
			attributes = {
				LastSwiftUpdateCheck = 1100;
				LastUpgradeCheck = 1100;
				ORGANIZATIONNAME = "Mars Geldard";
				TargetAttributes = {
					414B6FDA22B1E8D000D36576 = {
						CreatedOnToolsVersion = 11.0;
					};
				};
			};
			buildConfigurationList = 414B6FD622B1E8D000D36576 /* Build configuration list for PBXProject "ISDemo" */;
			compatibilityVersion = "Xcode 9.3";
			developmentRegion = en;
			hasScannedForEncodings = 0;
			knownRegions = (
				en,
				Base,
			);
			mainGroup = 414B6FD222B1E8D000D36576;
			productRefGroup = 414B6FDC22B1E8D000D36576 /* Products */;
			projectDirPath = "";
			projectRoot = "";
			targets = (
				414B6FDA22B1E8D000D36576 /* ISDemo */,
			);
		};
/* End PBXProject section */

/* Begin PBXResourcesBuildPhase section */
		414B6FD922B1E8D000D36576 /* Resources */ = {
			isa = PBXResourcesBuildPhase;
			buildActionMask = 2147483647;
			files = (
				414B6FEB22B1E8D200D36576 /* LaunchScreen.storyboard in Resources */,
				414B6FF322B1F26F00D36576 /* Assets.xcassets in Resources */,
				414B6FE822B1E8D200D36576 /* Preview Assets.xcassets in Resources */,
			);
			runOnlyForDeploymentPostprocessing = 0;
		};
/* End PBXResourcesBuildPhase section */

/* Begin PBXSourcesBuildPhase section */
		414B6FD722B1E8D000D36576 /* Sources */ = {
			isa = PBXSourcesBuildPhase;
			buildActionMask = 2147483647;
			files = (
				414B6FDF22B1E8D000D36576 /* AppDelegate.swift in Sources */,
				414B6FE322B1E8D000D36576 /* ContentView.swift in Sources */,
				4127431622B8B75600A9C39E /* Views.swift in Sources */,
			);
			runOnlyForDeploymentPostprocessing = 0;
		};
/* End PBXSourcesBuildPhase section */

/* Begin PBXVariantGroup section */
		414B6FE922B1E8D200D36576 /* LaunchScreen.storyboard */ = {
			isa = PBXVariantGroup;
			children = (
				414B6FEA22B1E8D200D36576 /* Base */,
			);
			name = LaunchScreen.storyboard;
			sourceTree = "<group>";
		};
/* End PBXVariantGroup section */

/* Begin XCBuildConfiguration section */
		414B6FED22B1E8D200D36576 /* Debug */ = {
			isa = XCBuildConfiguration;
			buildSettings = {
				ALWAYS_SEARCH_USER_PATHS = NO;
				CLANG_ANALYZER_NONNULL = YES;
				CLANG_ANALYZER_NUMBER_OBJECT_CONVERSION = YES_AGGRESSIVE;
				CLANG_CXX_LANGUAGE_STANDARD = "gnu++14";
				CLANG_CXX_LIBRARY = "libc++";
				CLANG_ENABLE_MODULES = YES;
				CLANG_ENABLE_OBJC_ARC = YES;
				CLANG_ENABLE_OBJC_WEAK = YES;
				CLANG_WARN_BLOCK_CAPTURE_AUTORELEASING = YES;
				CLANG_WARN_BOOL_CONVERSION = YES;
				CLANG_WARN_COMMA = YES;
				CLANG_WARN_CONSTANT_CONVERSION = YES;
				CLANG_WARN_DEPRECATED_OBJC_IMPLEMENTATIONS = YES;
				CLANG_WARN_DIRECT_OBJC_ISA_USAGE = YES_ERROR;
				CLANG_WARN_DOCUMENTATION_COMMENTS = YES;
				CLANG_WARN_EMPTY_BODY = YES;
				CLANG_WARN_ENUM_CONVERSION = YES;
				CLANG_WARN_INFINITE_RECURSION = YES;
				CLANG_WARN_INT_CONVERSION = YES;
				CLANG_WARN_NON_LITERAL_NULL_CONVERSION = YES;
				CLANG_WARN_OBJC_IMPLICIT_RETAIN_SELF = YES;
				CLANG_WARN_OBJC_LITERAL_CONVERSION = YES;
				CLANG_WARN_OBJC_ROOT_CLASS = YES_ERROR;
				CLANG_WARN_RANGE_LOOP_ANALYSIS = YES;
				CLANG_WARN_STRICT_PROTOTYPES = YES;
				CLANG_WARN_SUSPICIOUS_MOVE = YES;
				CLANG_WARN_UNGUARDED_AVAILABILITY = YES_AGGRESSIVE;
				CLANG_WARN_UNREACHABLE_CODE = YES;
				CLANG_WARN__DUPLICATE_METHOD_MATCH = YES;
				COPY_PHASE_STRIP = NO;
				DEBUG_INFORMATION_FORMAT = dwarf;
				ENABLE_STRICT_OBJC_MSGSEND = YES;
				ENABLE_TESTABILITY = YES;
				GCC_C_LANGUAGE_STANDARD = gnu11;
				GCC_DYNAMIC_NO_PIC = NO;
				GCC_NO_COMMON_BLOCKS = YES;
				GCC_OPTIMIZATION_LEVEL = 0;
				GCC_PREPROCESSOR_DEFINITIONS = (
					"DEBUG=1",
					"$(inherited)",
				);
				GCC_WARN_64_TO_32_BIT_CONVERSION = YES;
				GCC_WARN_ABOUT_RETURN_TYPE = YES_ERROR;
				GCC_WARN_UNDECLARED_SELECTOR = YES;
				GCC_WARN_UNINITIALIZED_AUTOS = YES_AGGRESSIVE;
				GCC_WARN_UNUSED_FUNCTION = YES;
				GCC_WARN_UNUSED_VARIABLE = YES;
				IPHONEOS_DEPLOYMENT_TARGET = 13.0;
				MTL_ENABLE_DEBUG_INFO = INCLUDE_SOURCE;
				MTL_FAST_MATH = YES;
				ONLY_ACTIVE_ARCH = YES;
				SDKROOT = iphoneos;
				SWIFT_ACTIVE_COMPILATION_CONDITIONS = DEBUG;
				SWIFT_OPTIMIZATION_LEVEL = "-Onone";
			};
			name = Debug;
		};
		414B6FEE22B1E8D200D36576 /* Release */ = {
			isa = XCBuildConfiguration;
			buildSettings = {
				ALWAYS_SEARCH_USER_PATHS = NO;
				CLANG_ANALYZER_NONNULL = YES;
				CLANG_ANALYZER_NUMBER_OBJECT_CONVERSION = YES_AGGRESSIVE;
				CLANG_CXX_LANGUAGE_STANDARD = "gnu++14";
				CLANG_CXX_LIBRARY = "libc++";
				CLANG_ENABLE_MODULES = YES;
				CLANG_ENABLE_OBJC_ARC = YES;
				CLANG_ENABLE_OBJC_WEAK = YES;
				CLANG_WARN_BLOCK_CAPTURE_AUTORELEASING = YES;
				CLANG_WARN_BOOL_CONVERSION = YES;
				CLANG_WARN_COMMA = YES;
				CLANG_WARN_CONSTANT_CONVERSION = YES;
				CLANG_WARN_DEPRECATED_OBJC_IMPLEMENTATIONS = YES;
				CLANG_WARN_DIRECT_OBJC_ISA_USAGE = YES_ERROR;
				CLANG_WARN_DOCUMENTATION_COMMENTS = YES;
				CLANG_WARN_EMPTY_BODY = YES;
				CLANG_WARN_ENUM_CONVERSION = YES;
				CLANG_WARN_INFINITE_RECURSION = YES;
				CLANG_WARN_INT_CONVERSION = YES;
				CLANG_WARN_NON_LITERAL_NULL_CONVERSION = YES;
				CLANG_WARN_OBJC_IMPLICIT_RETAIN_SELF = YES;
				CLANG_WARN_OBJC_LITERAL_CONVERSION = YES;
				CLANG_WARN_OBJC_ROOT_CLASS = YES_ERROR;
				CLANG_WARN_RANGE_LOOP_ANALYSIS = YES;
				CLANG_WARN_STRICT_PROTOTYPES = YES;
				CLANG_WARN_SUSPICIOUS_MOVE = YES;
				CLANG_WARN_UNGUARDED_AVAILABILITY = YES_AGGRESSIVE;
				CLANG_WARN_UNREACHABLE_CODE = YES;
				CLANG_WARN__DUPLICATE_METHOD_MATCH = YES;
				COPY_PHASE_STRIP = NO;
				DEBUG_INFORMATION_FORMAT = "dwarf-with-dsym";
				ENABLE_NS_ASSERTIONS = NO;
				ENABLE_STRICT_OBJC_MSGSEND = YES;
				GCC_C_LANGUAGE_STANDARD = gnu11;
				GCC_NO_COMMON_BLOCKS = YES;
				GCC_WARN_64_TO_32_BIT_CONVERSION = YES;
				GCC_WARN_ABOUT_RETURN_TYPE = YES_ERROR;
				GCC_WARN_UNDECLARED_SELECTOR = YES;
				GCC_WARN_UNINITIALIZED_AUTOS = YES_AGGRESSIVE;
				GCC_WARN_UNUSED_FUNCTION = YES;
				GCC_WARN_UNUSED_VARIABLE = YES;
				IPHONEOS_DEPLOYMENT_TARGET = 13.0;
				MTL_ENABLE_DEBUG_INFO = NO;
				MTL_FAST_MATH = YES;
				SDKROOT = iphoneos;
				SWIFT_COMPILATION_MODE = wholemodule;
				SWIFT_OPTIMIZATION_LEVEL = "-O";
				VALIDATE_PRODUCT = YES;
			};
			name = Release;
		};
		414B6FF022B1E8D200D36576 /* Debug */ = {
			isa = XCBuildConfiguration;
			buildSettings = {
				ASSETCATALOG_COMPILER_APPICON_NAME = AppIcon;
				CODE_SIGN_STYLE = Automatic;
				DEVELOPMENT_ASSET_PATHS = "ISDemo/Preview\\ Content";
				DEVELOPMENT_TEAM = 5V2A4389PA;
				ENABLE_PREVIEWS = YES;
				INFOPLIST_FILE = ISDemo/Info.plist;
				LD_RUNPATH_SEARCH_PATHS = (
					"$(inherited)",
					"@executable_path/Frameworks",
				);
				PRODUCT_BUNDLE_IDENTIFIER = au.com.secretlab.ISDemo;
				PRODUCT_NAME = "$(TARGET_NAME)";
				SWIFT_VERSION = 5.0;
				TARGETED_DEVICE_FAMILY = 1;
			};
			name = Debug;
		};
		414B6FF122B1E8D200D36576 /* Release */ = {
			isa = XCBuildConfiguration;
			buildSettings = {
				ASSETCATALOG_COMPILER_APPICON_NAME = AppIcon;
				CODE_SIGN_STYLE = Automatic;
				DEVELOPMENT_ASSET_PATHS = "ISDemo/Preview\\ Content";
				DEVELOPMENT_TEAM = 5V2A4389PA;
				ENABLE_PREVIEWS = YES;
				INFOPLIST_FILE = ISDemo/Info.plist;
				LD_RUNPATH_SEARCH_PATHS = (
					"$(inherited)",
					"@executable_path/Frameworks",
				);
				PRODUCT_BUNDLE_IDENTIFIER = au.com.secretlab.ISDemo;
				PRODUCT_NAME = "$(TARGET_NAME)";
				SWIFT_VERSION = 5.0;
				TARGETED_DEVICE_FAMILY = 1;
			};
			name = Release;
		};
/* End XCBuildConfiguration section */

/* Begin XCConfigurationList section */
		414B6FD622B1E8D000D36576 /* Build configuration list for PBXProject "ISDemo" */ = {
			isa = XCConfigurationList;
			buildConfigurations = (
				414B6FED22B1E8D200D36576 /* Debug */,
				414B6FEE22B1E8D200D36576 /* Release */,
			);
			defaultConfigurationIsVisible = 0;
			defaultConfigurationName = Release;
		};
		414B6FEF22B1E8D200D36576 /* Build configuration list for PBXNativeTarget "ISDemo" */ = {
			isa = XCConfigurationList;
			buildConfigurations = (
				414B6FF022B1E8D200D36576 /* Debug */,
				414B6FF122B1E8D200D36576 /* Release */,
			);
			defaultConfigurationIsVisible = 0;
			defaultConfigurationName = Release;
		};
/* End XCConfigurationList section */
	};
	rootObject = 414B6FD322B1E8D000D36576 /* Project object */;
}
